{
    "version": 3,
    "terraform_version": "0.11.7",
    "serial": 6,
    "lineage": "4395ee98-d1da-d881-f46d-c015ee4c58b9",
    "modules": [
        {
            "path": [
                "root"
            ],
            "outputs": {},
            "resources": {
                "aws_instance.example_ubuntu_ec2_t2_nano": {
                    "type": "aws_instance",
                    "depends_on": [],
                    "primary": {
                        "id": "i-0f68eaaa17ed2faad",
                        "attributes": {
                            "ami": "ami-f4f21593",
                            "associate_public_ip_address": "true",
                            "availability_zone": "eu-west-2a",
                            "credit_specification.#": "1",
                            "credit_specification.0.cpu_credits": "standard",
                            "disable_api_termination": "false",
                            "ebs_block_device.#": "0",
                            "ebs_optimized": "false",
                            "ephemeral_block_device.#": "0",
                            "get_password_data": "false",
                            "iam_instance_profile": "",
                            "id": "i-0f68eaaa17ed2faad",
                            "instance_state": "running",
                            "instance_type": "t2.nano",
                            "ipv6_addresses.#": "0",
                            "key_name": "ssh-key",
                            "monitoring": "false",
                            "network_interface.#": "0",
                            "network_interface_id": "eni-1b4be34f",
                            "password_data": "",
                            "placement_group": "",
                            "primary_network_interface_id": "eni-1b4be34f",
                            "private_dns": "ip-172-31-11-67.eu-west-2.compute.internal",
                            "private_ip": "172.31.11.67",
                            "public_dns": "ec2-35-177-72-229.eu-west-2.compute.amazonaws.com",
                            "public_ip": "35.177.72.229",
                            "root_block_device.#": "1",
                            "root_block_device.0.delete_on_termination": "true",
                            "root_block_device.0.iops": "100",
                            "root_block_device.0.volume_id": "vol-0a0f4b423c3651065",
                            "root_block_device.0.volume_size": "8",
                            "root_block_device.0.volume_type": "gp2",
                            "security_groups.#": "1",
                            "security_groups.2200183879": "allow_all",
                            "source_dest_check": "true",
                            "subnet_id": "subnet-02577779",
                            "tags.%": "0",
                            "tenancy": "default",
                            "volume_tags.%": "0",
                            "vpc_security_group_ids.#": "1",
                            "vpc_security_group_ids.3172402384": "sg-52f64239"
                        },
                        "meta": {
                            "e2bfb730-ecaa-11e6-8f88-34363bc7c4c0": {
                                "create": 600000000000,
                                "delete": 1200000000000,
                                "update": 600000000000
                            },
                            "schema_version": "1"
                        },
                        "tainted": false
                    },
                    "deposed": [],
                    "provider": "provider.aws"
                },
                "aws_key_pair.ssh-key-pair": {
                    "type": "aws_key_pair",
                    "depends_on": [],
                    "primary": {
                        "id": "ssh-key",
                        "attributes": {
                            "fingerprint": "6d:0a:43:8f:6b:ab:ec:ac:da:2f:38:e6:59:05:2c:f2",
                            "id": "ssh-key",
                            "key_name": "ssh-key",
                            "public_key": "ssh-rsa AAAAB3NzaC1yc2EAAAADAQABAAABAQDNfVl+XOfCXd1qAs1ZAOIRUuofz8KURoYJJK3g7/YJ660WWxcCRS73PMlcPsjbPunIi/maKDpuv3U2/rzknZGfKcUYsAtnPm7LD70zEZknTZtb4vM2+xtV5QLoFvB9MLoZr66WlJr5a4VQlyOa39mA5eo0RuaBtRAnCZrnA87AGGNv1CbCq5lhFO9QrFP++1Rd6Eqh+4XoIr1HL6N2BUA4QNKM2/hDgjtH+4gCOdeF1PJYvWf921mvsQfHGWLuD1Ldnb/xYKc/657Cg3z3lZKfmyCBwJ74QMamfoEwjJdtNa15/5VwLYqTnx904hnKZW2DpmuqjsQ8Y06P1HJlP9UP"
                        },
                        "meta": {
                            "schema_version": "1"
                        },
                        "tainted": false
                    },
                    "deposed": [],
                    "provider": "provider.aws"
                },
                "aws_security_group.allow_all": {
                    "type": "aws_security_group",
                    "depends_on": [],
                    "primary": {
                        "id": "sg-52f64239",
                        "attributes": {
                            "arn": "arn:aws:ec2:eu-west-2:670785527082:security-group/sg-52f64239",
                            "description": "Allow all inbound traffic",
                            "egress.#": "1",
                            "egress.482069346.cidr_blocks.#": "1",
                            "egress.482069346.cidr_blocks.0": "0.0.0.0/0",
                            "egress.482069346.description": "",
                            "egress.482069346.from_port": "0",
                            "egress.482069346.ipv6_cidr_blocks.#": "0",
                            "egress.482069346.prefix_list_ids.#": "0",
                            "egress.482069346.protocol": "-1",
                            "egress.482069346.security_groups.#": "0",
                            "egress.482069346.self": "false",
                            "egress.482069346.to_port": "0",
                            "id": "sg-52f64239",
                            "ingress.#": "1",
                            "ingress.482069346.cidr_blocks.#": "1",
                            "ingress.482069346.cidr_blocks.0": "0.0.0.0/0",
                            "ingress.482069346.description": "",
                            "ingress.482069346.from_port": "0",
                            "ingress.482069346.ipv6_cidr_blocks.#": "0",
                            "ingress.482069346.protocol": "-1",
                            "ingress.482069346.security_groups.#": "0",
                            "ingress.482069346.self": "false",
                            "ingress.482069346.to_port": "0",
                            "name": "allow_all",
                            "owner_id": "670785527082",
                            "revoke_rules_on_delete": "false",
                            "tags.%": "0",
                            "vpc_id": "vpc-b03000d9"
                        },
                        "meta": {
                            "e2bfb730-ecaa-11e6-8f88-34363bc7c4c0": {
                                "create": 600000000000,
                                "delete": 600000000000
                            },
                            "schema_version": "1"
                        },
                        "tainted": false
                    },
                    "deposed": [],
                    "provider": "provider.aws"
                }
            },
            "depends_on": []
        }
    ]
}
