{
    "version": 3,
    "terraform_version": "0.11.7",
    "serial": 8,
    "lineage": "4395ee98-d1da-d881-f46d-c015ee4c58b9",
    "modules": [
        {
            "path": [
                "root"
            ],
            "outputs": {},
            "resources": {
                "aws_instance.jenkins_master_vm": {
                    "type": "aws_instance",
                    "depends_on": [
                        "data.aws_ami.jenkins_master"
                    ],
                    "primary": {
                        "id": "i-06604949b3665a1d7",
                        "attributes": {
                            "ami": "ami-9c3fd2fb",
                            "associate_public_ip_address": "true",
                            "availability_zone": "eu-west-2a",
                            "credit_specification.#": "1",
                            "credit_specification.0.cpu_credits": "standard",
                            "disable_api_termination": "false",
                            "ebs_block_device.#": "0",
                            "ebs_optimized": "false",
                            "ephemeral_block_device.#": "0",
                            "get_password_data": "false",
                            "iam_instance_profile": "",
                            "id": "i-06604949b3665a1d7",
                            "instance_state": "running",
                            "instance_type": "t2.micro",
                            "ipv6_addresses.#": "0",
                            "key_name": "elliot_ssh",
                            "monitoring": "false",
                            "network_interface.#": "0",
                            "network_interface_id": "eni-f7369da3",
                            "password_data": "",
                            "placement_group": "",
                            "primary_network_interface_id": "eni-f7369da3",
                            "private_dns": "ip-172-31-14-239.eu-west-2.compute.internal",
                            "private_ip": "172.31.14.239",
                            "public_dns": "ec2-35-176-158-165.eu-west-2.compute.amazonaws.com",
                            "public_ip": "35.176.158.165",
                            "root_block_device.#": "1",
                            "root_block_device.0.delete_on_termination": "true",
                            "root_block_device.0.iops": "100",
                            "root_block_device.0.volume_id": "vol-0d606090aea2ac2e6",
                            "root_block_device.0.volume_size": "8",
                            "root_block_device.0.volume_type": "gp2",
                            "security_groups.#": "1",
                            "security_groups.2200183879": "allow_all",
                            "source_dest_check": "true",
                            "subnet_id": "subnet-02577779",
                            "tags.%": "0",
                            "tenancy": "default",
                            "volume_tags.%": "0",
                            "vpc_security_group_ids.#": "1",
                            "vpc_security_group_ids.3172402384": "sg-52f64239"
                        },
                        "meta": {
                            "e2bfb730-ecaa-11e6-8f88-34363bc7c4c0": {
                                "create": 600000000000,
                                "delete": 1200000000000,
                                "update": 600000000000
                            },
                            "schema_version": "1"
                        },
                        "tainted": false
                    },
                    "deposed": [],
                    "provider": "provider.aws"
                },
                "aws_key_pair.elliot-ssh-key-pair": {
                    "type": "aws_key_pair",
                    "depends_on": [],
                    "primary": {
                        "id": "elliot-ssh",
                        "attributes": {
                            "id": "elliot-ssh",
                            "key_name": "elliot-ssh",
                            "public_key": "ssh-rsa AAAAB3NzaC1yc2EAAAADAQABAAABAQC0J377Qc4rDiOPGGu73WBHg6IGBPmyOs+/CiZf20681EzEjC21bkJBDPSMa3ur/fQr+r22tZz8OSIjUyTvjAiFynQRTEzkXbPyTWlzu9abNoCIVTXkmDlO/+zLOcNJi3oW+5L679144ww2mOLxBtaWqZQR7/sLOtE7atqtk5MwokcqCuqgoceI89d715mD8ZMqsdhIbAApyCvQExwOWPeVfxYSIGBnY6ULEL1d1e8pkGSTg/qUz1jcBwYX90xJNa/6DQ859u/ERE/mKSXUECJugp+X+i6qi8HBi5UXLJX3Hz5tIOtQIDIRoDrQsWWgJhahPTqqb04XHpXFHqX29Ayn elliot_ssh"
                        },
                        "meta": {
                            "schema_version": "1"
                        },
                        "tainted": false
                    },
                    "deposed": [],
                    "provider": "provider.aws"
                },
                "aws_security_group.allow_all": {
                    "type": "aws_security_group",
                    "depends_on": [],
                    "primary": {
                        "id": "sg-52f64239",
                        "attributes": {
                            "arn": "arn:aws:ec2:eu-west-2:670785527082:security-group/sg-52f64239",
                            "description": "Allow all inbound traffic",
                            "egress.#": "1",
                            "egress.482069346.cidr_blocks.#": "1",
                            "egress.482069346.cidr_blocks.0": "0.0.0.0/0",
                            "egress.482069346.description": "",
                            "egress.482069346.from_port": "0",
                            "egress.482069346.ipv6_cidr_blocks.#": "0",
                            "egress.482069346.prefix_list_ids.#": "0",
                            "egress.482069346.protocol": "-1",
                            "egress.482069346.security_groups.#": "0",
                            "egress.482069346.self": "false",
                            "egress.482069346.to_port": "0",
                            "id": "sg-52f64239",
                            "ingress.#": "1",
                            "ingress.482069346.cidr_blocks.#": "1",
                            "ingress.482069346.cidr_blocks.0": "0.0.0.0/0",
                            "ingress.482069346.description": "",
                            "ingress.482069346.from_port": "0",
                            "ingress.482069346.ipv6_cidr_blocks.#": "0",
                            "ingress.482069346.protocol": "-1",
                            "ingress.482069346.security_groups.#": "0",
                            "ingress.482069346.self": "false",
                            "ingress.482069346.to_port": "0",
                            "name": "allow_all",
                            "owner_id": "670785527082",
                            "revoke_rules_on_delete": "false",
                            "tags.%": "0",
                            "vpc_id": "vpc-b03000d9"
                        },
                        "meta": {
                            "e2bfb730-ecaa-11e6-8f88-34363bc7c4c0": {
                                "create": 600000000000,
                                "delete": 600000000000
                            },
                            "schema_version": "1"
                        },
                        "tainted": false
                    },
                    "deposed": [],
                    "provider": "provider.aws"
                },
                "data.aws_ami.jenkins_master": {
                    "type": "aws_ami",
                    "depends_on": [],
                    "primary": {
                        "id": "ami-9c3fd2fb",
                        "attributes": {
                            "architecture": "x86_64",
                            "block_device_mappings.#": "3",
                            "block_device_mappings.1634610537.device_name": "/dev/sdb",
                            "block_device_mappings.1634610537.ebs.%": "0",
                            "block_device_mappings.1634610537.no_device": "",
                            "block_device_mappings.1634610537.virtual_name": "ephemeral0",
                            "block_device_mappings.2547816212.device_name": "/dev/sda1",
                            "block_device_mappings.2547816212.ebs.%": "6",
                            "block_device_mappings.2547816212.ebs.delete_on_termination": "true",
                            "block_device_mappings.2547816212.ebs.encrypted": "false",
                            "block_device_mappings.2547816212.ebs.iops": "0",
                            "block_device_mappings.2547816212.ebs.snapshot_id": "snap-0026b20b6c0d8496e",
                            "block_device_mappings.2547816212.ebs.volume_size": "8",
                            "block_device_mappings.2547816212.ebs.volume_type": "gp2",
                            "block_device_mappings.2547816212.no_device": "",
                            "block_device_mappings.2547816212.virtual_name": "",
                            "block_device_mappings.3850042718.device_name": "/dev/sdc",
                            "block_device_mappings.3850042718.ebs.%": "0",
                            "block_device_mappings.3850042718.no_device": "",
                            "block_device_mappings.3850042718.virtual_name": "ephemeral1",
                            "creation_date": "2018-05-17T19:05:50.000Z",
                            "filter.#": "2",
                            "filter.1353251163.name": "state",
                            "filter.1353251163.values.#": "1",
                            "filter.1353251163.values.0": "available",
                            "filter.2824368412.name": "tag:Component",
                            "filter.2824368412.values.#": "1",
                            "filter.2824368412.values.0": "jenkins_master",
                            "hypervisor": "xen",
                            "id": "ami-9c3fd2fb",
                            "image_id": "ami-9c3fd2fb",
                            "image_location": "670785527082/packer-example 1526583882",
                            "image_type": "machine",
                            "most_recent": "true",
                            "name": "packer-example 1526583882",
                            "owner_id": "670785527082",
                            "owners.#": "1",
                            "owners.0": "self",
                            "product_codes.#": "0",
                            "public": "false",
                            "root_device_name": "/dev/sda1",
                            "root_device_type": "ebs",
                            "root_snapshot_id": "snap-0026b20b6c0d8496e",
                            "sriov_net_support": "simple",
                            "state": "available",
                            "state_reason.%": "2",
                            "state_reason.code": "UNSET",
                            "state_reason.message": "UNSET",
                            "tags.%": "1",
                            "tags.Component": "jenkins_master",
                            "virtualization_type": "hvm"
                        },
                        "meta": {},
                        "tainted": false
                    },
                    "deposed": [],
                    "provider": "provider.aws"
                }
            },
            "depends_on": []
        }
    ]
}
